
Microsoft Visual Studio Solution File, Format Version 12.00
# Visual Studio Version 16
VisualStudioVersion = 16.0.30114.105
MinimumVisualStudioVersion = 10.0.40219.1
Project("{FAE04EC0-301F-11D3-BF4B-00C04F79EFBC}") = "Senac", "Senac\Senac.csproj", "{5BBD057B-EE80-45E7-B538-916339116054}"
EndProject
Project("{FAE04EC0-301F-11D3-BF4B-00C04F79EFBC}") = "Senac.Tests", "Senac.Tests\Senac.Tests.csproj", "{5DAF277C-9639-43A4-A125-01BF9E73FB3B}"
EndProject
Global
	GlobalSection(SolutionConfigurationPlatforms) = preSolution
		Debug|Any CPU = Debug|Any CPU
		Release|Any CPU = Release|Any CPU
	EndGlobalSection
	GlobalSection(SolutionProperties) = preSolution
		HideSolutionNode = FALSE
	EndGlobalSection
	GlobalSection(ProjectConfigurationPlatforms) = postSolution
		{5BBD057B-EE80-45E7-B538-916339116054}.Debug|Any CPU.ActiveCfg = Debug|Any CPU
		{5BBD057B-EE80-45E7-B538-916339116054}.Debug|Any CPU.Build.0 = Debug|Any CPU
		{5BBD057B-EE80-45E7-B538-916339116054}.Release|Any CPU.ActiveCfg = Release|Any CPU
		{5BBD057B-EE80-45E7-B538-916339116054}.Release|Any CPU.Build.0 = Release|Any CPU
		{5DAF277C-9639-43A4-A125-01BF9E73FB3B}.Debug|Any CPU.ActiveCfg = Debug|Any CPU
		{5DAF277C-9639-43A4-A125-01BF9E73FB3B}.Debug|Any CPU.Build.0 = Debug|Any CPU
		{5DAF277C-9639-43A4-A125-01BF9E73FB3B}.Release|Any CPU.ActiveCfg = Release|Any CPU
		{5DAF277C-9639-43A4-A125-01BF9E73FB3B}.Release|Any CPU.Build.0 = Release|Any CPU
	EndGlobalSection
EndGlobal
